
Microsoft Visual Studio Solution File, Format Version 12.00
# Visual Studio Version 17
VisualStudioVersion = 17.10.34928.147
MinimumVisualStudioVersion = 10.0.40219.1
Project("{54A90642-561A-4BB1-A94E-469ADEE60C69}") = "InventoryAI.Client", "InventoryAI.Client\InventoryAI.Client.esproj", "{978283A0-9A38-49A6-84D7-DB635CB09EE5}"
EndProject
Global
	GlobalSection(SolutionConfigurationPlatforms) = preSolution
		Debug|Any CPU = Debug|Any CPU
		Release|Any CPU = Release|Any CPU
	EndGlobalSection
	GlobalSection(ProjectConfigurationPlatforms) = postSolution
		{978283A0-9A38-49A6-84D7-DB635CB09EE5}.Debug|Any CPU.ActiveCfg = Debug|Any CPU
		{978283A0-9A38-49A6-84D7-DB635CB09EE5}.Debug|Any CPU.Build.0 = Debug|Any CPU
		{978283A0-9A38-49A6-84D7-DB635CB09EE5}.Debug|Any CPU.Deploy.0 = Debug|Any CPU
		{978283A0-9A38-49A6-84D7-DB635CB09EE5}.Release|Any CPU.ActiveCfg = Release|Any CPU
		{978283A0-9A38-49A6-84D7-DB635CB09EE5}.Release|Any CPU.Build.0 = Release|Any CPU
		{978283A0-9A38-49A6-84D7-DB635CB09EE5}.Release|Any CPU.Deploy.0 = Release|Any CPU
	EndGlobalSection
	GlobalSection(SolutionProperties) = preSolution
		HideSolutionNode = FALSE
	EndGlobalSection
	GlobalSection(ExtensibilityGlobals) = postSolution
		SolutionGuid = {B186C665-2C0D-4D6A-BCF7-D3A4572D4A89}
	EndGlobalSection
EndGlobal
